// !$*UTF8*$!
{
	archiveVersion = 1;
	classes = {
	};
	objectVersion = 46;
	objects = {

/* Begin PBXBuildFile section */
		5C155F021D73B13C00415165 /* Person.m in Sources */ = {isa = PBXBuildFile; fileRef = 5C155F011D73B13C00415165 /* Person.m */; };
		5CCEEA651D6D26C200A5683C /* main.m in Sources */ = {isa = PBXBuildFile; fileRef = 5CCEEA641D6D26C200A5683C /* main.m */; };
/* End PBXBuildFile section */

/* Begin PBXCopyFilesBuildPhase section */
		5CCEEA5F1D6D26C200A5683C /* CopyFiles */ = {
			isa = PBXCopyFilesBuildPhase;
			buildActionMask = 2147483647;
			dstPath = /usr/share/man/man1/;
			dstSubfolderSpec = 0;
			files = (
			);
			runOnlyForDeploymentPostprocessing = 1;
		};
/* End PBXCopyFilesBuildPhase section */

/* Begin PBXFileReference section */
		5C155F001D73B13C00415165 /* Person.h */ = {isa = PBXFileReference; fileEncoding = 4; lastKnownFileType = sourcecode.c.h; path = Person.h; sourceTree = "<group>"; };
		5C155F011D73B13C00415165 /* Person.m */ = {isa = PBXFileReference; fileEncoding = 4; lastKnownFileType = sourcecode.c.objc; path = Person.m; sourceTree = "<group>"; };
		5CCEEA611D6D26C200A5683C /* ClassAndObject */ = {isa = PBXFileReference; explicitFileType = "compiled.mach-o.executable"; includeInIndex = 0; path = ClassAndObject; sourceTree = BUILT_PRODUCTS_DIR; };
		5CCEEA641D6D26C200A5683C /* main.m */ = {isa = PBXFileReference; lastKnownFileType = sourcecode.c.objc; path = main.m; sourceTree = "<group>"; };
/* End PBXFileReference section */

/* Begin PBXFrameworksBuildPhase section */
		5CCEEA5E1D6D26C200A5683C /* Frameworks */ = {
			isa = PBXFrameworksBuildPhase;
			buildActionMask = 2147483647;
			files = (
			);
			runOnlyForDeploymentPostprocessing = 0;
		};
/* End PBXFrameworksBuildPhase section */

/* Begin PBXGroup section */
		5CCEEA581D6D26C200A5683C = {
			isa = PBXGroup;
			children = (
				5CCEEA631D6D26C200A5683C /* ClassAndObject */,
				5CCEEA621D6D26C200A5683C /* Products */,
			);
			sourceTree = "<group>";
		};
		5CCEEA621D6D26C200A5683C /* Products */ = {
			isa = PBXGroup;
			children = (
				5CCEEA611D6D26C200A5683C /* ClassAndObject */,
			);
			name = Products;
			sourceTree = "<group>";
		};
		5CCEEA631D6D26C200A5683C /* ClassAndObject */ = {
			isa = PBXGroup;
			children = (
				5CCEEA641D6D26C200A5683C /* main.m */,
				5C155F001D73B13C00415165 /* Person.h */,
				5C155F011D73B13C00415165 /* Person.m */,
			);
			path = ClassAndObject;
			sourceTree = "<group>";
		};
/* End PBXGroup section */

/* Begin PBXNativeTarget section */
		5CCEEA601D6D26C200A5683C /* ClassAndObject */ = {
			isa = PBXNativeTarget;
			buildConfigurationList = 5CCEEA681D6D26C200A5683C /* Build configuration list for PBXNativeTarget "ClassAndObject" */;
			buildPhases = (
				5CCEEA5D1D6D26C200A5683C /* Sources */,
				5CCEEA5E1D6D26C200A5683C /* Frameworks */,
				5CCEEA5F1D6D26C200A5683C /* CopyFiles */,
			);
			buildRules = (
			);
			dependencies = (
			);
			name = ClassAndObject;
			productName = ClassAndObject;
			productReference = 5CCEEA611D6D26C200A5683C /* ClassAndObject */;
			productType = "com.apple.product-type.tool";
		};
/* End PBXNativeTarget section */

/* Begin PBXProject section */
		5CCEEA591D6D26C200A5683C /* Project object */ = {
			isa = PBXProject;
			attributes = {
				LastUpgradeCheck = 0730;
				ORGANIZATIONNAME = jike;
				TargetAttributes = {
					5CCEEA601D6D26C200A5683C = {
						CreatedOnToolsVersion = 7.3;
					};
				};
			};
			buildConfigurationList = 5CCEEA5C1D6D26C200A5683C /* Build configuration list for PBXProject "ClassAndObject" */;
			compatibilityVersion = "Xcode 3.2";
			developmentRegion = English;
			hasScannedForEncodings = 0;
			knownRegions = (
				en,
			);
			mainGroup = 5CCEEA581D6D26C200A5683C;
			productRefGroup = 5CCEEA621D6D26C200A5683C /* Products */;
			projectDirPath = "";
			projectRoot = "";
			targets = (
				5CCEEA601D6D26C200A5683C /* ClassAndObject */,
			);
		};
/* End PBXProject section */

/* Begin PBXSourcesBuildPhase section */
		5CCEEA5D1D6D26C200A5683C /* Sources */ = {
			isa = PBXSourcesBuildPhase;
			buildActionMask = 2147483647;
			files = (
				5C155F021D73B13C00415165 /* Person.m in Sources */,
				5CCEEA651D6D26C200A5683C /* main.m in Sources */,
			);
			runOnlyForDeploymentPostprocessing = 0;
		};
/* End PBXSourcesBuildPhase section */

/* Begin XCBuildConfiguration section */
		5CCEEA661D6D26C200A5683C /* Debug */ = {
			isa = XCBuildConfiguration;
			buildSettings = {
				ALWAYS_SEARCH_USER_PATHS = NO;
				CLANG_ANALYZER_NONNULL = YES;
				CLANG_CXX_LANGUAGE_STANDARD = "gnu++0x";
				CLANG_CXX_LIBRARY = "libc++";
				CLANG_ENABLE_MODULES = YES;
				CLANG_ENABLE_OBJC_ARC = YES;
				CLANG_WARN_BOOL_CONVERSION = YES;
				CLANG_WARN_CONSTANT_CONVERSION = YES;
				CLANG_WARN_DIRECT_OBJC_ISA_USAGE = YES_ERROR;
				CLANG_WARN_EMPTY_BODY = YES;
				CLANG_WARN_ENUM_CONVERSION = YES;
				CLANG_WARN_INT_CONVERSION = YES;
				CLANG_WARN_OBJC_ROOT_CLASS = YES_ERROR;
				CLANG_WARN_UNREACHABLE_CODE = YES;
				CLANG_WARN__DUPLICATE_METHOD_MATCH = YES;
				CODE_SIGN_IDENTITY = "-";
				COPY_PHASE_STRIP = NO;
				DEBUG_INFORMATION_FORMAT = dwarf;
				ENABLE_STRICT_OBJC_MSGSEND = YES;
				ENABLE_TESTABILITY = YES;
				GCC_C_LANGUAGE_STANDARD = gnu99;
				GCC_DYNAMIC_NO_PIC = NO;
				GCC_NO_COMMON_BLOCKS = YES;
				GCC_OPTIMIZATION_LEVEL = 0;
				GCC_PREPROCESSOR_DEFINITIONS = (
					"DEBUG=1",
					"$(inherited)",
				);
				GCC_WARN_64_TO_32_BIT_CONVERSION = YES;
				GCC_WARN_ABOUT_RETURN_TYPE = YES_ERROR;
				GCC_WARN_UNDECLARED_SELECTOR = YES;
				GCC_WARN_UNINITIALIZED_AUTOS = YES_AGGRESSIVE;
				GCC_WARN_UNUSED_FUNCTION = YES;
				GCC_WARN_UNUSED_VARIABLE = YES;
				MACOSX_DEPLOYMENT_TARGET = 10.11;
				MTL_ENABLE_DEBUG_INFO = YES;
				ONLY_ACTIVE_ARCH = YES;
				SDKROOT = macosx;
			};
			name = Debug;
		};
		5CCEEA671D6D26C200A5683C /* Release */ = {
			isa = XCBuildConfiguration;
			buildSettings = {
				ALWAYS_SEARCH_USER_PATHS = NO;
				CLANG_ANALYZER_NONNULL = YES;
				CLANG_CXX_LANGUAGE_STANDARD = "gnu++0x";
				CLANG_CXX_LIBRARY = "libc++";
				CLANG_ENABLE_MODULES = YES;
				CLANG_ENABLE_OBJC_ARC = YES;
				CLANG_WARN_BOOL_CONVERSION = YES;
				CLANG_WARN_CONSTANT_CONVERSION = YES;
				CLANG_WARN_DIRECT_OBJC_ISA_USAGE = YES_ERROR;
				CLANG_WARN_EMPTY_BODY = YES;
				CLANG_WARN_ENUM_CONVERSION = YES;
				CLANG_WARN_INT_CONVERSION = YES;
				CLANG_WARN_OBJC_ROOT_CLASS = YES_ERROR;
				CLANG_WARN_UNREACHABLE_CODE = YES;
				CLANG_WARN__DUPLICATE_METHOD_MATCH = YES;
				CODE_SIGN_IDENTITY = "-";
				COPY_PHASE_STRIP = NO;
				DEBUG_INFORMATION_FORMAT = "dwarf-with-dsym";
				ENABLE_NS_ASSERTIONS = NO;
				ENABLE_STRICT_OBJC_MSGSEND = YES;
				GCC_C_LANGUAGE_STANDARD = gnu99;
				GCC_NO_COMMON_BLOCKS = YES;
				GCC_WARN_64_TO_32_BIT_CONVERSION = YES;
				GCC_WARN_ABOUT_RETURN_TYPE = YES_ERROR;
				GCC_WARN_UNDECLARED_SELECTOR = YES;
				GCC_WARN_UNINITIALIZED_AUTOS = YES_AGGRESSIVE;
				GCC_WARN_UNUSED_FUNCTION = YES;
				GCC_WARN_UNUSED_VARIABLE = YES;
				MACOSX_DEPLOYMENT_TARGET = 10.11;
				MTL_ENABLE_DEBUG_INFO = NO;
				SDKROOT = macosx;
			};
			name = Release;
		};
		5CCEEA691D6D26C200A5683C /* Debug */ = {
			isa = XCBuildConfiguration;
			buildSettings = {
				PRODUCT_NAME = "$(TARGET_NAME)";
			};
			name = Debug;
		};
		5CCEEA6A1D6D26C200A5683C /* Release */ = {
			isa = XCBuildConfiguration;
			buildSettings = {
				PRODUCT_NAME = "$(TARGET_NAME)";
			};
			name = Release;
		};
/* End XCBuildConfiguration section */

/* Begin XCConfigurationList section */
		5CCEEA5C1D6D26C200A5683C /* Build configuration list for PBXProject "ClassAndObject" */ = {
			isa = XCConfigurationList;
			buildConfigurations = (
				5CCEEA661D6D26C200A5683C /* Debug */,
				5CCEEA671D6D26C200A5683C /* Release */,
			);
			defaultConfigurationIsVisible = 0;
			defaultConfigurationName = Release;
		};
		5CCEEA681D6D26C200A5683C /* Build configuration list for PBXNativeTarget "ClassAndObject" */ = {
			isa = XCConfigurationList;
			buildConfigurations = (
				5CCEEA691D6D26C200A5683C /* Debug */,
				5CCEEA6A1D6D26C200A5683C /* Release */,
			);
			defaultConfigurationIsVisible = 0;
			defaultConfigurationName = Release;
		};
/* End XCConfigurationList section */
	};
	rootObject = 5CCEEA591D6D26C200A5683C /* Project object */;
}
