// !$*UTF8*$!
{
	archiveVersion = 1;
	classes = {
	};
	objectVersion = 46;
	objects = {

/* Begin PBXBuildFile section */
		5C212DC01D746BBA00BB13D8 /* main.m in Sources */ = {isa = PBXBuildFile; fileRef = 5C212DBD1D746BBA00BB13D8 /* main.m */; };
		5C212DC11D746BBA00BB13D8 /* Person.m in Sources */ = {isa = PBXBuildFile; fileRef = 5C212DBF1D746BBA00BB13D8 /* Person.m */; };
		5C212DC71D74730A00BB13D8 /* Student.m in Sources */ = {isa = PBXBuildFile; fileRef = 5C212DC61D74730A00BB13D8 /* Student.m */; };
/* End PBXBuildFile section */

/* Begin PBXCopyFilesBuildPhase section */
		5C25BB841D6FB03500A648DD /* CopyFiles */ = {
			isa = PBXCopyFilesBuildPhase;
			buildActionMask = 2147483647;
			dstPath = /usr/share/man/man1/;
			dstSubfolderSpec = 0;
			files = (
			);
			runOnlyForDeploymentPostprocessing = 1;
		};
/* End PBXCopyFilesBuildPhase section */

/* Begin PBXFileReference section */
		5C212DBD1D746BBA00BB13D8 /* main.m */ = {isa = PBXFileReference; fileEncoding = 4; lastKnownFileType = sourcecode.c.objc; path = main.m; sourceTree = "<group>"; };
		5C212DBE1D746BBA00BB13D8 /* Person.h */ = {isa = PBXFileReference; fileEncoding = 4; lastKnownFileType = sourcecode.c.h; path = Person.h; sourceTree = "<group>"; };
		5C212DBF1D746BBA00BB13D8 /* Person.m */ = {isa = PBXFileReference; fileEncoding = 4; lastKnownFileType = sourcecode.c.objc; path = Person.m; sourceTree = "<group>"; };
		5C212DC51D74730A00BB13D8 /* Student.h */ = {isa = PBXFileReference; fileEncoding = 4; lastKnownFileType = sourcecode.c.h; path = Student.h; sourceTree = "<group>"; };
		5C212DC61D74730A00BB13D8 /* Student.m */ = {isa = PBXFileReference; fileEncoding = 4; lastKnownFileType = sourcecode.c.objc; path = Student.m; sourceTree = "<group>"; };
		5C25BB861D6FB03500A648DD /* Inherit */ = {isa = PBXFileReference; explicitFileType = "compiled.mach-o.executable"; includeInIndex = 0; path = Inherit; sourceTree = BUILT_PRODUCTS_DIR; };
/* End PBXFileReference section */

/* Begin PBXFrameworksBuildPhase section */
		5C25BB831D6FB03500A648DD /* Frameworks */ = {
			isa = PBXFrameworksBuildPhase;
			buildActionMask = 2147483647;
			files = (
			);
			runOnlyForDeploymentPostprocessing = 0;
		};
/* End PBXFrameworksBuildPhase section */

/* Begin PBXGroup section */
		5C25BB7D1D6FB03500A648DD = {
			isa = PBXGroup;
			children = (
				5C25BB881D6FB03500A648DD /* Inherit */,
				5C25BB871D6FB03500A648DD /* Products */,
			);
			sourceTree = "<group>";
		};
		5C25BB871D6FB03500A648DD /* Products */ = {
			isa = PBXGroup;
			children = (
				5C25BB861D6FB03500A648DD /* Inherit */,
			);
			name = Products;
			sourceTree = "<group>";
		};
		5C25BB881D6FB03500A648DD /* Inherit */ = {
			isa = PBXGroup;
			children = (
				5C212DBD1D746BBA00BB13D8 /* main.m */,
				5C212DBE1D746BBA00BB13D8 /* Person.h */,
				5C212DBF1D746BBA00BB13D8 /* Person.m */,
				5C212DC51D74730A00BB13D8 /* Student.h */,
				5C212DC61D74730A00BB13D8 /* Student.m */,
			);
			path = Inherit;
			sourceTree = "<group>";
		};
/* End PBXGroup section */

/* Begin PBXNativeTarget section */
		5C25BB851D6FB03500A648DD /* Inherit */ = {
			isa = PBXNativeTarget;
			buildConfigurationList = 5C25BB8D1D6FB03500A648DD /* Build configuration list for PBXNativeTarget "Inherit" */;
			buildPhases = (
				5C25BB821D6FB03500A648DD /* Sources */,
				5C25BB831D6FB03500A648DD /* Frameworks */,
				5C25BB841D6FB03500A648DD /* CopyFiles */,
			);
			buildRules = (
			);
			dependencies = (
			);
			name = Inherit;
			productName = Inherit;
			productReference = 5C25BB861D6FB03500A648DD /* Inherit */;
			productType = "com.apple.product-type.tool";
		};
/* End PBXNativeTarget section */

/* Begin PBXProject section */
		5C25BB7E1D6FB03500A648DD /* Project object */ = {
			isa = PBXProject;
			attributes = {
				LastUpgradeCheck = 0730;
				ORGANIZATIONNAME = jike;
				TargetAttributes = {
					5C25BB851D6FB03500A648DD = {
						CreatedOnToolsVersion = 7.3;
					};
				};
			};
			buildConfigurationList = 5C25BB811D6FB03500A648DD /* Build configuration list for PBXProject "Inherit" */;
			compatibilityVersion = "Xcode 3.2";
			developmentRegion = English;
			hasScannedForEncodings = 0;
			knownRegions = (
				en,
			);
			mainGroup = 5C25BB7D1D6FB03500A648DD;
			productRefGroup = 5C25BB871D6FB03500A648DD /* Products */;
			projectDirPath = "";
			projectRoot = "";
			targets = (
				5C25BB851D6FB03500A648DD /* Inherit */,
			);
		};
/* End PBXProject section */

/* Begin PBXSourcesBuildPhase section */
		5C25BB821D6FB03500A648DD /* Sources */ = {
			isa = PBXSourcesBuildPhase;
			buildActionMask = 2147483647;
			files = (
				5C212DC11D746BBA00BB13D8 /* Person.m in Sources */,
				5C212DC01D746BBA00BB13D8 /* main.m in Sources */,
				5C212DC71D74730A00BB13D8 /* Student.m in Sources */,
			);
			runOnlyForDeploymentPostprocessing = 0;
		};
/* End PBXSourcesBuildPhase section */

/* Begin XCBuildConfiguration section */
		5C25BB8B1D6FB03500A648DD /* Debug */ = {
			isa = XCBuildConfiguration;
			buildSettings = {
				ALWAYS_SEARCH_USER_PATHS = NO;
				CLANG_ANALYZER_NONNULL = YES;
				CLANG_CXX_LANGUAGE_STANDARD = "gnu++0x";
				CLANG_CXX_LIBRARY = "libc++";
				CLANG_ENABLE_MODULES = YES;
				CLANG_ENABLE_OBJC_ARC = YES;
				CLANG_WARN_BOOL_CONVERSION = YES;
				CLANG_WARN_CONSTANT_CONVERSION = YES;
				CLANG_WARN_DIRECT_OBJC_ISA_USAGE = YES_ERROR;
				CLANG_WARN_EMPTY_BODY = YES;
				CLANG_WARN_ENUM_CONVERSION = YES;
				CLANG_WARN_INT_CONVERSION = YES;
				CLANG_WARN_OBJC_ROOT_CLASS = YES_ERROR;
				CLANG_WARN_UNREACHABLE_CODE = YES;
				CLANG_WARN__DUPLICATE_METHOD_MATCH = YES;
				CODE_SIGN_IDENTITY = "-";
				COPY_PHASE_STRIP = NO;
				DEBUG_INFORMATION_FORMAT = dwarf;
				ENABLE_STRICT_OBJC_MSGSEND = YES;
				ENABLE_TESTABILITY = YES;
				GCC_C_LANGUAGE_STANDARD = gnu99;
				GCC_DYNAMIC_NO_PIC = NO;
				GCC_NO_COMMON_BLOCKS = YES;
				GCC_OPTIMIZATION_LEVEL = 0;
				GCC_PREPROCESSOR_DEFINITIONS = (
					"DEBUG=1",
					"$(inherited)",
				);
				GCC_WARN_64_TO_32_BIT_CONVERSION = YES;
				GCC_WARN_ABOUT_RETURN_TYPE = YES_ERROR;
				GCC_WARN_UNDECLARED_SELECTOR = YES;
				GCC_WARN_UNINITIALIZED_AUTOS = YES_AGGRESSIVE;
				GCC_WARN_UNUSED_FUNCTION = YES;
				GCC_WARN_UNUSED_VARIABLE = YES;
				MACOSX_DEPLOYMENT_TARGET = 10.11;
				MTL_ENABLE_DEBUG_INFO = YES;
				ONLY_ACTIVE_ARCH = YES;
				SDKROOT = macosx;
			};
			name = Debug;
		};
		5C25BB8C1D6FB03500A648DD /* Release */ = {
			isa = XCBuildConfiguration;
			buildSettings = {
				ALWAYS_SEARCH_USER_PATHS = NO;
				CLANG_ANALYZER_NONNULL = YES;
				CLANG_CXX_LANGUAGE_STANDARD = "gnu++0x";
				CLANG_CXX_LIBRARY = "libc++";
				CLANG_ENABLE_MODULES = YES;
				CLANG_ENABLE_OBJC_ARC = YES;
				CLANG_WARN_BOOL_CONVERSION = YES;
				CLANG_WARN_CONSTANT_CONVERSION = YES;
				CLANG_WARN_DIRECT_OBJC_ISA_USAGE = YES_ERROR;
				CLANG_WARN_EMPTY_BODY = YES;
				CLANG_WARN_ENUM_CONVERSION = YES;
				CLANG_WARN_INT_CONVERSION = YES;
				CLANG_WARN_OBJC_ROOT_CLASS = YES_ERROR;
				CLANG_WARN_UNREACHABLE_CODE = YES;
				CLANG_WARN__DUPLICATE_METHOD_MATCH = YES;
				CODE_SIGN_IDENTITY = "-";
				COPY_PHASE_STRIP = NO;
				DEBUG_INFORMATION_FORMAT = "dwarf-with-dsym";
				ENABLE_NS_ASSERTIONS = NO;
				ENABLE_STRICT_OBJC_MSGSEND = YES;
				GCC_C_LANGUAGE_STANDARD = gnu99;
				GCC_NO_COMMON_BLOCKS = YES;
				GCC_WARN_64_TO_32_BIT_CONVERSION = YES;
				GCC_WARN_ABOUT_RETURN_TYPE = YES_ERROR;
				GCC_WARN_UNDECLARED_SELECTOR = YES;
				GCC_WARN_UNINITIALIZED_AUTOS = YES_AGGRESSIVE;
				GCC_WARN_UNUSED_FUNCTION = YES;
				GCC_WARN_UNUSED_VARIABLE = YES;
				MACOSX_DEPLOYMENT_TARGET = 10.11;
				MTL_ENABLE_DEBUG_INFO = NO;
				SDKROOT = macosx;
			};
			name = Release;
		};
		5C25BB8E1D6FB03500A648DD /* Debug */ = {
			isa = XCBuildConfiguration;
			buildSettings = {
				PRODUCT_NAME = "$(TARGET_NAME)";
			};
			name = Debug;
		};
		5C25BB8F1D6FB03500A648DD /* Release */ = {
			isa = XCBuildConfiguration;
			buildSettings = {
				PRODUCT_NAME = "$(TARGET_NAME)";
			};
			name = Release;
		};
/* End XCBuildConfiguration section */

/* Begin XCConfigurationList section */
		5C25BB811D6FB03500A648DD /* Build configuration list for PBXProject "Inherit" */ = {
			isa = XCConfigurationList;
			buildConfigurations = (
				5C25BB8B1D6FB03500A648DD /* Debug */,
				5C25BB8C1D6FB03500A648DD /* Release */,
			);
			defaultConfigurationIsVisible = 0;
			defaultConfigurationName = Release;
		};
		5C25BB8D1D6FB03500A648DD /* Build configuration list for PBXNativeTarget "Inherit" */ = {
			isa = XCConfigurationList;
			buildConfigurations = (
				5C25BB8E1D6FB03500A648DD /* Debug */,
				5C25BB8F1D6FB03500A648DD /* Release */,
			);
			defaultConfigurationIsVisible = 0;
			defaultConfigurationName = Release;
		};
/* End XCConfigurationList section */
	};
	rootObject = 5C25BB7E1D6FB03500A648DD /* Project object */;
}
