// !$*UTF8*$!
{
	archiveVersion = 1;
	classes = {
	};
	objectVersion = 46;
	objects = {

/* Begin PBXBuildFile section */
		5C25BBA71D6FE09100A648DD /* main.m in Sources */ = {isa = PBXBuildFile; fileRef = 5C25BBA61D6FE09100A648DD /* main.m */; };
		5C25BBAF1D6FE0AF00A648DD /* Animal.m in Sources */ = {isa = PBXBuildFile; fileRef = 5C25BBAE1D6FE0AF00A648DD /* Animal.m */; };
		5C25BBB21D6FE0E200A648DD /* Dog.m in Sources */ = {isa = PBXBuildFile; fileRef = 5C25BBB11D6FE0E200A648DD /* Dog.m */; };
		5C25BBB51D6FE59900A648DD /* Cat.m in Sources */ = {isa = PBXBuildFile; fileRef = 5C25BBB41D6FE59900A648DD /* Cat.m */; };
/* End PBXBuildFile section */

/* Begin PBXCopyFilesBuildPhase section */
		5C25BBA11D6FE09000A648DD /* CopyFiles */ = {
			isa = PBXCopyFilesBuildPhase;
			buildActionMask = 2147483647;
			dstPath = /usr/share/man/man1/;
			dstSubfolderSpec = 0;
			files = (
			);
			runOnlyForDeploymentPostprocessing = 1;
		};
/* End PBXCopyFilesBuildPhase section */

/* Begin PBXFileReference section */
		5C25BBA31D6FE09000A648DD /* VariousForm */ = {isa = PBXFileReference; explicitFileType = "compiled.mach-o.executable"; includeInIndex = 0; path = VariousForm; sourceTree = BUILT_PRODUCTS_DIR; };
		5C25BBA61D6FE09100A648DD /* main.m */ = {isa = PBXFileReference; lastKnownFileType = sourcecode.c.objc; path = main.m; sourceTree = "<group>"; };
		5C25BBAD1D6FE0AF00A648DD /* Animal.h */ = {isa = PBXFileReference; fileEncoding = 4; lastKnownFileType = sourcecode.c.h; path = Animal.h; sourceTree = "<group>"; };
		5C25BBAE1D6FE0AF00A648DD /* Animal.m */ = {isa = PBXFileReference; fileEncoding = 4; lastKnownFileType = sourcecode.c.objc; path = Animal.m; sourceTree = "<group>"; };
		5C25BBB01D6FE0E200A648DD /* Dog.h */ = {isa = PBXFileReference; fileEncoding = 4; lastKnownFileType = sourcecode.c.h; path = Dog.h; sourceTree = "<group>"; };
		5C25BBB11D6FE0E200A648DD /* Dog.m */ = {isa = PBXFileReference; fileEncoding = 4; lastKnownFileType = sourcecode.c.objc; path = Dog.m; sourceTree = "<group>"; };
		5C25BBB31D6FE59900A648DD /* Cat.h */ = {isa = PBXFileReference; fileEncoding = 4; lastKnownFileType = sourcecode.c.h; path = Cat.h; sourceTree = "<group>"; };
		5C25BBB41D6FE59900A648DD /* Cat.m */ = {isa = PBXFileReference; fileEncoding = 4; lastKnownFileType = sourcecode.c.objc; path = Cat.m; sourceTree = "<group>"; };
/* End PBXFileReference section */

/* Begin PBXFrameworksBuildPhase section */
		5C25BBA01D6FE09000A648DD /* Frameworks */ = {
			isa = PBXFrameworksBuildPhase;
			buildActionMask = 2147483647;
			files = (
			);
			runOnlyForDeploymentPostprocessing = 0;
		};
/* End PBXFrameworksBuildPhase section */

/* Begin PBXGroup section */
		5C25BB9A1D6FE09000A648DD = {
			isa = PBXGroup;
			children = (
				5C25BBA51D6FE09000A648DD /* VariousForm */,
				5C25BBA41D6FE09000A648DD /* Products */,
			);
			sourceTree = "<group>";
		};
		5C25BBA41D6FE09000A648DD /* Products */ = {
			isa = PBXGroup;
			children = (
				5C25BBA31D6FE09000A648DD /* VariousForm */,
			);
			name = Products;
			sourceTree = "<group>";
		};
		5C25BBA51D6FE09000A648DD /* VariousForm */ = {
			isa = PBXGroup;
			children = (
				5C25BBA61D6FE09100A648DD /* main.m */,
				5C25BBAD1D6FE0AF00A648DD /* Animal.h */,
				5C25BBAE1D6FE0AF00A648DD /* Animal.m */,
				5C25BBB01D6FE0E200A648DD /* Dog.h */,
				5C25BBB11D6FE0E200A648DD /* Dog.m */,
				5C25BBB31D6FE59900A648DD /* Cat.h */,
				5C25BBB41D6FE59900A648DD /* Cat.m */,
			);
			path = VariousForm;
			sourceTree = "<group>";
		};
/* End PBXGroup section */

/* Begin PBXNativeTarget section */
		5C25BBA21D6FE09000A648DD /* VariousForm */ = {
			isa = PBXNativeTarget;
			buildConfigurationList = 5C25BBAA1D6FE09100A648DD /* Build configuration list for PBXNativeTarget "VariousForm" */;
			buildPhases = (
				5C25BB9F1D6FE09000A648DD /* Sources */,
				5C25BBA01D6FE09000A648DD /* Frameworks */,
				5C25BBA11D6FE09000A648DD /* CopyFiles */,
			);
			buildRules = (
			);
			dependencies = (
			);
			name = VariousForm;
			productName = VariousForm;
			productReference = 5C25BBA31D6FE09000A648DD /* VariousForm */;
			productType = "com.apple.product-type.tool";
		};
/* End PBXNativeTarget section */

/* Begin PBXProject section */
		5C25BB9B1D6FE09000A648DD /* Project object */ = {
			isa = PBXProject;
			attributes = {
				LastUpgradeCheck = 0730;
				ORGANIZATIONNAME = jike;
				TargetAttributes = {
					5C25BBA21D6FE09000A648DD = {
						CreatedOnToolsVersion = 7.3;
					};
				};
			};
			buildConfigurationList = 5C25BB9E1D6FE09000A648DD /* Build configuration list for PBXProject "VariousForm" */;
			compatibilityVersion = "Xcode 3.2";
			developmentRegion = English;
			hasScannedForEncodings = 0;
			knownRegions = (
				en,
			);
			mainGroup = 5C25BB9A1D6FE09000A648DD;
			productRefGroup = 5C25BBA41D6FE09000A648DD /* Products */;
			projectDirPath = "";
			projectRoot = "";
			targets = (
				5C25BBA21D6FE09000A648DD /* VariousForm */,
			);
		};
/* End PBXProject section */

/* Begin PBXSourcesBuildPhase section */
		5C25BB9F1D6FE09000A648DD /* Sources */ = {
			isa = PBXSourcesBuildPhase;
			buildActionMask = 2147483647;
			files = (
				5C25BBB51D6FE59900A648DD /* Cat.m in Sources */,
				5C25BBB21D6FE0E200A648DD /* Dog.m in Sources */,
				5C25BBA71D6FE09100A648DD /* main.m in Sources */,
				5C25BBAF1D6FE0AF00A648DD /* Animal.m in Sources */,
			);
			runOnlyForDeploymentPostprocessing = 0;
		};
/* End PBXSourcesBuildPhase section */

/* Begin XCBuildConfiguration section */
		5C25BBA81D6FE09100A648DD /* Debug */ = {
			isa = XCBuildConfiguration;
			buildSettings = {
				ALWAYS_SEARCH_USER_PATHS = NO;
				CLANG_ANALYZER_NONNULL = YES;
				CLANG_CXX_LANGUAGE_STANDARD = "gnu++0x";
				CLANG_CXX_LIBRARY = "libc++";
				CLANG_ENABLE_MODULES = YES;
				CLANG_ENABLE_OBJC_ARC = YES;
				CLANG_WARN_BOOL_CONVERSION = YES;
				CLANG_WARN_CONSTANT_CONVERSION = YES;
				CLANG_WARN_DIRECT_OBJC_ISA_USAGE = YES_ERROR;
				CLANG_WARN_EMPTY_BODY = YES;
				CLANG_WARN_ENUM_CONVERSION = YES;
				CLANG_WARN_INT_CONVERSION = YES;
				CLANG_WARN_OBJC_ROOT_CLASS = YES_ERROR;
				CLANG_WARN_UNREACHABLE_CODE = YES;
				CLANG_WARN__DUPLICATE_METHOD_MATCH = YES;
				CODE_SIGN_IDENTITY = "-";
				COPY_PHASE_STRIP = NO;
				DEBUG_INFORMATION_FORMAT = dwarf;
				ENABLE_STRICT_OBJC_MSGSEND = YES;
				ENABLE_TESTABILITY = YES;
				GCC_C_LANGUAGE_STANDARD = gnu99;
				GCC_DYNAMIC_NO_PIC = NO;
				GCC_NO_COMMON_BLOCKS = YES;
				GCC_OPTIMIZATION_LEVEL = 0;
				GCC_PREPROCESSOR_DEFINITIONS = (
					"DEBUG=1",
					"$(inherited)",
				);
				GCC_WARN_64_TO_32_BIT_CONVERSION = YES;
				GCC_WARN_ABOUT_RETURN_TYPE = YES_ERROR;
				GCC_WARN_UNDECLARED_SELECTOR = YES;
				GCC_WARN_UNINITIALIZED_AUTOS = YES_AGGRESSIVE;
				GCC_WARN_UNUSED_FUNCTION = YES;
				GCC_WARN_UNUSED_VARIABLE = YES;
				MACOSX_DEPLOYMENT_TARGET = 10.11;
				MTL_ENABLE_DEBUG_INFO = YES;
				ONLY_ACTIVE_ARCH = YES;
				SDKROOT = macosx;
			};
			name = Debug;
		};
		5C25BBA91D6FE09100A648DD /* Release */ = {
			isa = XCBuildConfiguration;
			buildSettings = {
				ALWAYS_SEARCH_USER_PATHS = NO;
				CLANG_ANALYZER_NONNULL = YES;
				CLANG_CXX_LANGUAGE_STANDARD = "gnu++0x";
				CLANG_CXX_LIBRARY = "libc++";
				CLANG_ENABLE_MODULES = YES;
				CLANG_ENABLE_OBJC_ARC = YES;
				CLANG_WARN_BOOL_CONVERSION = YES;
				CLANG_WARN_CONSTANT_CONVERSION = YES;
				CLANG_WARN_DIRECT_OBJC_ISA_USAGE = YES_ERROR;
				CLANG_WARN_EMPTY_BODY = YES;
				CLANG_WARN_ENUM_CONVERSION = YES;
				CLANG_WARN_INT_CONVERSION = YES;
				CLANG_WARN_OBJC_ROOT_CLASS = YES_ERROR;
				CLANG_WARN_UNREACHABLE_CODE = YES;
				CLANG_WARN__DUPLICATE_METHOD_MATCH = YES;
				CODE_SIGN_IDENTITY = "-";
				COPY_PHASE_STRIP = NO;
				DEBUG_INFORMATION_FORMAT = "dwarf-with-dsym";
				ENABLE_NS_ASSERTIONS = NO;
				ENABLE_STRICT_OBJC_MSGSEND = YES;
				GCC_C_LANGUAGE_STANDARD = gnu99;
				GCC_NO_COMMON_BLOCKS = YES;
				GCC_WARN_64_TO_32_BIT_CONVERSION = YES;
				GCC_WARN_ABOUT_RETURN_TYPE = YES_ERROR;
				GCC_WARN_UNDECLARED_SELECTOR = YES;
				GCC_WARN_UNINITIALIZED_AUTOS = YES_AGGRESSIVE;
				GCC_WARN_UNUSED_FUNCTION = YES;
				GCC_WARN_UNUSED_VARIABLE = YES;
				MACOSX_DEPLOYMENT_TARGET = 10.11;
				MTL_ENABLE_DEBUG_INFO = NO;
				SDKROOT = macosx;
			};
			name = Release;
		};
		5C25BBAB1D6FE09100A648DD /* Debug */ = {
			isa = XCBuildConfiguration;
			buildSettings = {
				PRODUCT_NAME = "$(TARGET_NAME)";
			};
			name = Debug;
		};
		5C25BBAC1D6FE09100A648DD /* Release */ = {
			isa = XCBuildConfiguration;
			buildSettings = {
				PRODUCT_NAME = "$(TARGET_NAME)";
			};
			name = Release;
		};
/* End XCBuildConfiguration section */

/* Begin XCConfigurationList section */
		5C25BB9E1D6FE09000A648DD /* Build configuration list for PBXProject "VariousForm" */ = {
			isa = XCConfigurationList;
			buildConfigurations = (
				5C25BBA81D6FE09100A648DD /* Debug */,
				5C25BBA91D6FE09100A648DD /* Release */,
			);
			defaultConfigurationIsVisible = 0;
			defaultConfigurationName = Release;
		};
		5C25BBAA1D6FE09100A648DD /* Build configuration list for PBXNativeTarget "VariousForm" */ = {
			isa = XCConfigurationList;
			buildConfigurations = (
				5C25BBAB1D6FE09100A648DD /* Debug */,
				5C25BBAC1D6FE09100A648DD /* Release */,
			);
			defaultConfigurationIsVisible = 0;
		};
/* End XCConfigurationList section */
	};
	rootObject = 5C25BB9B1D6FE09000A648DD /* Project object */;
}
